{
  "name": "gitbook-plugin-katex-plus",
  "version": "0.2.0",
  "lockfileVersion": 1,
  "requires": true,
  "dependencies": {
    "katex": {
      "version": "0.7.1",
      "resolved": "http://registry.npm.taobao.org/katex/download/katex-0.7.1.tgz",
      "integrity": "sha1-BrtSmO+tBeHnIoA1uo4VkfMGG48=",
      "requires": {
        "match-at": "0.1.1"
      }
    },
    "match-at": {
      "version": "0.1.1",
      "resolved": "http://registry.npm.taobao.org/match-at/download/match-at-0.1.1.tgz",
      "integrity": "sha1-JdBA0pF3dwTV5lVru3kjDsLeBUA="
    }
  }
}
